
Microsoft Visual Studio Solution File, Format Version 12.00
# Visual Studio 15
Project("{FAE04EC0-301F-11D3-BF4B-00C04F79EFBC}") = "Increment-Decrement", "Increment-Decrement.csproj", "{898A5E3A-8BFD-45A8-8AC5-AAE17AD0EFB8}"
EndProject
Global
	GlobalSection(SolutionConfigurationPlatforms) = preSolution
		Debug|Any CPU = Debug|Any CPU
		Release|Any CPU = Release|Any CPU
	EndGlobalSection
	GlobalSection(ProjectConfigurationPlatforms) = postSolution
		{898A5E3A-8BFD-45A8-8AC5-AAE17AD0EFB8}.Debug|Any CPU.ActiveCfg = Debug|Any CPU
		{898A5E3A-8BFD-45A8-8AC5-AAE17AD0EFB8}.Debug|Any CPU.Build.0 = Debug|Any CPU
		{898A5E3A-8BFD-45A8-8AC5-AAE17AD0EFB8}.Release|Any CPU.ActiveCfg = Release|Any CPU
		{898A5E3A-8BFD-45A8-8AC5-AAE17AD0EFB8}.Release|Any CPU.Build.0 = Release|Any CPU
	EndGlobalSection
EndGlobal
